
Microsoft Visual Studio Solution File, Format Version 12.00
# Visual Studio 14
VisualStudioVersion = 14.0.25420.1
MinimumVisualStudioVersion = 10.0.40219.1
Project("{2150E333-8FDC-42A3-9474-1A3956D46DE8}") = "src", "src", "{3CAE47B5-9A32-477D-B4BD-CA15EE62383D}"
EndProject
Project("{2150E333-8FDC-42A3-9474-1A3956D46DE8}") = "Solution Items", "Solution Items", "{16E10E7B-5E8F-4E50-85F7-7F37A80F2498}"
	ProjectSection(SolutionItems) = preProject
		bluemix issues.txt = bluemix issues.txt
		global.json = global.json
	EndProjectSection
EndProject
Project("{8BB2217D-0F2D-49D1-97BC-3654ED321F3B}") = "UAI.Case.Webapi", "src\UAI.Case.Webapi\UAI.Case.Webapi.xproj", "{67A088A1-9257-43B5-825C-30353EEE4E00}"
EndProject
Project("{8BB2217D-0F2D-49D1-97BC-3654ED321F3B}") = "UAI.Case.Boot", "src\UAI.Case.Boot\UAI.Case.Boot.xproj", "{30E2D0D8-60C6-4858-9143-BA3350886B28}"
EndProject
Project("{8BB2217D-0F2D-49D1-97BC-3654ED321F3B}") = "UAI.Case.Domain", "src\UAI.Case.Domain\UAI.Case.Domain.xproj", "{60225764-25F0-4032-966C-785ED676E3F1}"
EndProject
Project("{8BB2217D-0F2D-49D1-97BC-3654ED321F3B}") = "UAI.Case.Dto", "src\UAI.Case.Dto\UAI.Case.Dto.xproj", "{62F0BC97-1FB4-426F-B4F3-40ED7E979598}"
EndProject
Global
	GlobalSection(SolutionConfigurationPlatforms) = preSolution
		Debug|Any CPU = Debug|Any CPU
		Release|Any CPU = Release|Any CPU
	EndGlobalSection
	GlobalSection(ProjectConfigurationPlatforms) = postSolution
		{67A088A1-9257-43B5-825C-30353EEE4E00}.Debug|Any CPU.ActiveCfg = Debug|Any CPU
		{67A088A1-9257-43B5-825C-30353EEE4E00}.Debug|Any CPU.Build.0 = Debug|Any CPU
		{67A088A1-9257-43B5-825C-30353EEE4E00}.Release|Any CPU.ActiveCfg = Release|Any CPU
		{67A088A1-9257-43B5-825C-30353EEE4E00}.Release|Any CPU.Build.0 = Release|Any CPU
		{30E2D0D8-60C6-4858-9143-BA3350886B28}.Debug|Any CPU.ActiveCfg = Debug|Any CPU
		{30E2D0D8-60C6-4858-9143-BA3350886B28}.Debug|Any CPU.Build.0 = Debug|Any CPU
		{30E2D0D8-60C6-4858-9143-BA3350886B28}.Release|Any CPU.ActiveCfg = Release|Any CPU
		{30E2D0D8-60C6-4858-9143-BA3350886B28}.Release|Any CPU.Build.0 = Release|Any CPU
		{60225764-25F0-4032-966C-785ED676E3F1}.Debug|Any CPU.ActiveCfg = Debug|Any CPU
		{60225764-25F0-4032-966C-785ED676E3F1}.Debug|Any CPU.Build.0 = Debug|Any CPU
		{60225764-25F0-4032-966C-785ED676E3F1}.Release|Any CPU.ActiveCfg = Release|Any CPU
		{60225764-25F0-4032-966C-785ED676E3F1}.Release|Any CPU.Build.0 = Release|Any CPU
		{62F0BC97-1FB4-426F-B4F3-40ED7E979598}.Debug|Any CPU.ActiveCfg = Debug|Any CPU
		{62F0BC97-1FB4-426F-B4F3-40ED7E979598}.Debug|Any CPU.Build.0 = Debug|Any CPU
		{62F0BC97-1FB4-426F-B4F3-40ED7E979598}.Release|Any CPU.ActiveCfg = Release|Any CPU
		{62F0BC97-1FB4-426F-B4F3-40ED7E979598}.Release|Any CPU.Build.0 = Release|Any CPU
	EndGlobalSection
	GlobalSection(SolutionProperties) = preSolution
		HideSolutionNode = FALSE
	EndGlobalSection
	GlobalSection(NestedProjects) = preSolution
		{67A088A1-9257-43B5-825C-30353EEE4E00} = {3CAE47B5-9A32-477D-B4BD-CA15EE62383D}
		{30E2D0D8-60C6-4858-9143-BA3350886B28} = {3CAE47B5-9A32-477D-B4BD-CA15EE62383D}
		{60225764-25F0-4032-966C-785ED676E3F1} = {3CAE47B5-9A32-477D-B4BD-CA15EE62383D}
		{62F0BC97-1FB4-426F-B4F3-40ED7E979598} = {3CAE47B5-9A32-477D-B4BD-CA15EE62383D}
	EndGlobalSection
EndGlobal
